
Microsoft Visual Studio Solution File, Format Version 12.00
# Visual Studio 15
VisualStudioVersion = 15.0.26124.0
MinimumVisualStudioVersion = 15.0.26124.0
Project("{FAE04EC0-301F-11D3-BF4B-00C04F79EFBC}") = "Application", "Application\Application.csproj", "{47DD3D0E-07B3-4E22-9AD0-D71AE7CA4312}"
EndProject
Project("{FAE04EC0-301F-11D3-BF4B-00C04F79EFBC}") = "Domain", "Domain\Domain.csproj", "{C814BD3A-E24F-42ED-B01E-43959F44DF60}"
EndProject
Project("{FAE04EC0-301F-11D3-BF4B-00C04F79EFBC}") = "Infrastructure", "Infrastructure\Infrastructure.csproj", "{B09AA819-C237-49BA-8015-AEC71AAF7BA9}"
EndProject
Project("{FAE04EC0-301F-11D3-BF4B-00C04F79EFBC}") = "WebApi", "WebApi\WebApi.csproj", "{26FC3998-7335-42BA-8579-6E3157AAAB1B}"
EndProject
Global
	GlobalSection(SolutionConfigurationPlatforms) = preSolution
		Debug|Any CPU = Debug|Any CPU
		Debug|x64 = Debug|x64
		Debug|x86 = Debug|x86
		Release|Any CPU = Release|Any CPU
		Release|x64 = Release|x64
		Release|x86 = Release|x86
	EndGlobalSection
	GlobalSection(SolutionProperties) = preSolution
		HideSolutionNode = FALSE
	EndGlobalSection
	GlobalSection(ProjectConfigurationPlatforms) = postSolution
		{47DD3D0E-07B3-4E22-9AD0-D71AE7CA4312}.Debug|Any CPU.ActiveCfg = Debug|Any CPU
		{47DD3D0E-07B3-4E22-9AD0-D71AE7CA4312}.Debug|Any CPU.Build.0 = Debug|Any CPU
		{47DD3D0E-07B3-4E22-9AD0-D71AE7CA4312}.Debug|x64.ActiveCfg = Debug|Any CPU
		{47DD3D0E-07B3-4E22-9AD0-D71AE7CA4312}.Debug|x64.Build.0 = Debug|Any CPU
		{47DD3D0E-07B3-4E22-9AD0-D71AE7CA4312}.Debug|x86.ActiveCfg = Debug|Any CPU
		{47DD3D0E-07B3-4E22-9AD0-D71AE7CA4312}.Debug|x86.Build.0 = Debug|Any CPU
		{47DD3D0E-07B3-4E22-9AD0-D71AE7CA4312}.Release|Any CPU.ActiveCfg = Release|Any CPU
		{47DD3D0E-07B3-4E22-9AD0-D71AE7CA4312}.Release|Any CPU.Build.0 = Release|Any CPU
		{47DD3D0E-07B3-4E22-9AD0-D71AE7CA4312}.Release|x64.ActiveCfg = Release|Any CPU
		{47DD3D0E-07B3-4E22-9AD0-D71AE7CA4312}.Release|x64.Build.0 = Release|Any CPU
		{47DD3D0E-07B3-4E22-9AD0-D71AE7CA4312}.Release|x86.ActiveCfg = Release|Any CPU
		{47DD3D0E-07B3-4E22-9AD0-D71AE7CA4312}.Release|x86.Build.0 = Release|Any CPU
		{C814BD3A-E24F-42ED-B01E-43959F44DF60}.Debug|Any CPU.ActiveCfg = Debug|Any CPU
		{C814BD3A-E24F-42ED-B01E-43959F44DF60}.Debug|Any CPU.Build.0 = Debug|Any CPU
		{C814BD3A-E24F-42ED-B01E-43959F44DF60}.Debug|x64.ActiveCfg = Debug|Any CPU
		{C814BD3A-E24F-42ED-B01E-43959F44DF60}.Debug|x64.Build.0 = Debug|Any CPU
		{C814BD3A-E24F-42ED-B01E-43959F44DF60}.Debug|x86.ActiveCfg = Debug|Any CPU
		{C814BD3A-E24F-42ED-B01E-43959F44DF60}.Debug|x86.Build.0 = Debug|Any CPU
		{C814BD3A-E24F-42ED-B01E-43959F44DF60}.Release|Any CPU.ActiveCfg = Release|Any CPU
		{C814BD3A-E24F-42ED-B01E-43959F44DF60}.Release|Any CPU.Build.0 = Release|Any CPU
		{C814BD3A-E24F-42ED-B01E-43959F44DF60}.Release|x64.ActiveCfg = Release|Any CPU
		{C814BD3A-E24F-42ED-B01E-43959F44DF60}.Release|x64.Build.0 = Release|Any CPU
		{C814BD3A-E24F-42ED-B01E-43959F44DF60}.Release|x86.ActiveCfg = Release|Any CPU
		{C814BD3A-E24F-42ED-B01E-43959F44DF60}.Release|x86.Build.0 = Release|Any CPU
		{B09AA819-C237-49BA-8015-AEC71AAF7BA9}.Debug|Any CPU.ActiveCfg = Debug|Any CPU
		{B09AA819-C237-49BA-8015-AEC71AAF7BA9}.Debug|Any CPU.Build.0 = Debug|Any CPU
		{B09AA819-C237-49BA-8015-AEC71AAF7BA9}.Debug|x64.ActiveCfg = Debug|Any CPU
		{B09AA819-C237-49BA-8015-AEC71AAF7BA9}.Debug|x64.Build.0 = Debug|Any CPU
		{B09AA819-C237-49BA-8015-AEC71AAF7BA9}.Debug|x86.ActiveCfg = Debug|Any CPU
		{B09AA819-C237-49BA-8015-AEC71AAF7BA9}.Debug|x86.Build.0 = Debug|Any CPU
		{B09AA819-C237-49BA-8015-AEC71AAF7BA9}.Release|Any CPU.ActiveCfg = Release|Any CPU
		{B09AA819-C237-49BA-8015-AEC71AAF7BA9}.Release|Any CPU.Build.0 = Release|Any CPU
		{B09AA819-C237-49BA-8015-AEC71AAF7BA9}.Release|x64.ActiveCfg = Release|Any CPU
		{B09AA819-C237-49BA-8015-AEC71AAF7BA9}.Release|x64.Build.0 = Release|Any CPU
		{B09AA819-C237-49BA-8015-AEC71AAF7BA9}.Release|x86.ActiveCfg = Release|Any CPU
		{B09AA819-C237-49BA-8015-AEC71AAF7BA9}.Release|x86.Build.0 = Release|Any CPU
		{26FC3998-7335-42BA-8579-6E3157AAAB1B}.Debug|Any CPU.ActiveCfg = Debug|Any CPU
		{26FC3998-7335-42BA-8579-6E3157AAAB1B}.Debug|Any CPU.Build.0 = Debug|Any CPU
		{26FC3998-7335-42BA-8579-6E3157AAAB1B}.Debug|x64.ActiveCfg = Debug|Any CPU
		{26FC3998-7335-42BA-8579-6E3157AAAB1B}.Debug|x64.Build.0 = Debug|Any CPU
		{26FC3998-7335-42BA-8579-6E3157AAAB1B}.Debug|x86.ActiveCfg = Debug|Any CPU
		{26FC3998-7335-42BA-8579-6E3157AAAB1B}.Debug|x86.Build.0 = Debug|Any CPU
		{26FC3998-7335-42BA-8579-6E3157AAAB1B}.Release|Any CPU.ActiveCfg = Release|Any CPU
		{26FC3998-7335-42BA-8579-6E3157AAAB1B}.Release|Any CPU.Build.0 = Release|Any CPU
		{26FC3998-7335-42BA-8579-6E3157AAAB1B}.Release|x64.ActiveCfg = Release|Any CPU
		{26FC3998-7335-42BA-8579-6E3157AAAB1B}.Release|x64.Build.0 = Release|Any CPU
		{26FC3998-7335-42BA-8579-6E3157AAAB1B}.Release|x86.ActiveCfg = Release|Any CPU
		{26FC3998-7335-42BA-8579-6E3157AAAB1B}.Release|x86.Build.0 = Release|Any CPU
	EndGlobalSection
EndGlobal
